
Microsoft Visual Studio Solution File, Format Version 12.00
# Visual Studio Version 17
VisualStudioVersion = 17.0.31903.59
MinimumVisualStudioVersion = 10.0.40219.1
Project("{2150E333-8FDC-42A3-9474-1A3956D46DE8}") = "src", "src", "{827E0CD3-B72D-47B6-A68D-7590B98EB39B}"
EndProject
Project("{FAE04EC0-301F-11D3-BF4B-00C04F79EFBC}") = "Webforge.Api", "src\Webforge.Api\Webforge.Api.csproj", "{5EE9968E-D101-45D2-85EB-6FC19DAB7740}"
EndProject
Project("{FAE04EC0-301F-11D3-BF4B-00C04F79EFBC}") = "Webforge.Application", "src\Webforge.Application\Webforge.Application.csproj", "{F89E8FEB-4EB3-41B7-9DE5-38ED8D3E5D55}"
EndProject
Project("{FAE04EC0-301F-11D3-BF4B-00C04F79EFBC}") = "Webforge.Domain", "src\Webforge.Domain\Webforge.Domain.csproj", "{A76ADD1F-BA1B-4673-8644-DE61B9F563D5}"
EndProject
Project("{FAE04EC0-301F-11D3-BF4B-00C04F79EFBC}") = "Webforge.Infrastructure", "src\Webforge.Infrastructure\Webforge.Infrastructure.csproj", "{E3DC050E-DE0A-4FD2-A782-5AD9E6CE854A}"
EndProject
Project("{FAE04EC0-301F-11D3-BF4B-00C04F79EFBC}") = "Webforge.Worker", "src\Webforge.Worker\Webforge.Worker.csproj", "{F6FF876F-5A06-4FD7-9152-4B7AEE0138D9}"
EndProject
Project("{2150E333-8FDC-42A3-9474-1A3956D46DE8}") = "tests", "tests", "{0AB3BF05-4346-4AA6-1389-037BE0695223}"
EndProject
Project("{FAE04EC0-301F-11D3-BF4B-00C04F79EFBC}") = "Webforge.IntegrationTests", "tests\Webforge.IntegrationTests\Webforge.IntegrationTests.csproj", "{7B20517C-9BCE-437F-9304-B7BEADA8DF02}"
EndProject
Project("{FAE04EC0-301F-11D3-BF4B-00C04F79EFBC}") = "Webforge.UnitTests", "tests\Webforge.UnitTests\Webforge.UnitTests.csproj", "{FACD7D61-6DCD-4ED2-8827-ACE2CDBFEFD0}"
EndProject
Global
	GlobalSection(SolutionConfigurationPlatforms) = preSolution
		Debug|Any CPU = Debug|Any CPU
		Debug|x64 = Debug|x64
		Debug|x86 = Debug|x86
		Release|Any CPU = Release|Any CPU
		Release|x64 = Release|x64
		Release|x86 = Release|x86
	EndGlobalSection
	GlobalSection(ProjectConfigurationPlatforms) = postSolution
		{5EE9968E-D101-45D2-85EB-6FC19DAB7740}.Debug|Any CPU.ActiveCfg = Debug|Any CPU
		{5EE9968E-D101-45D2-85EB-6FC19DAB7740}.Debug|Any CPU.Build.0 = Debug|Any CPU
		{5EE9968E-D101-45D2-85EB-6FC19DAB7740}.Debug|x64.ActiveCfg = Debug|Any CPU
		{5EE9968E-D101-45D2-85EB-6FC19DAB7740}.Debug|x64.Build.0 = Debug|Any CPU
		{5EE9968E-D101-45D2-85EB-6FC19DAB7740}.Debug|x86.ActiveCfg = Debug|Any CPU
		{5EE9968E-D101-45D2-85EB-6FC19DAB7740}.Debug|x86.Build.0 = Debug|Any CPU
		{5EE9968E-D101-45D2-85EB-6FC19DAB7740}.Release|Any CPU.ActiveCfg = Release|Any CPU
		{5EE9968E-D101-45D2-85EB-6FC19DAB7740}.Release|Any CPU.Build.0 = Release|Any CPU
		{5EE9968E-D101-45D2-85EB-6FC19DAB7740}.Release|x64.ActiveCfg = Release|Any CPU
		{5EE9968E-D101-45D2-85EB-6FC19DAB7740}.Release|x64.Build.0 = Release|Any CPU
		{5EE9968E-D101-45D2-85EB-6FC19DAB7740}.Release|x86.ActiveCfg = Release|Any CPU
		{5EE9968E-D101-45D2-85EB-6FC19DAB7740}.Release|x86.Build.0 = Release|Any CPU
		{F89E8FEB-4EB3-41B7-9DE5-38ED8D3E5D55}.Debug|Any CPU.ActiveCfg = Debug|Any CPU
		{F89E8FEB-4EB3-41B7-9DE5-38ED8D3E5D55}.Debug|Any CPU.Build.0 = Debug|Any CPU
		{F89E8FEB-4EB3-41B7-9DE5-38ED8D3E5D55}.Debug|x64.ActiveCfg = Debug|Any CPU
		{F89E8FEB-4EB3-41B7-9DE5-38ED8D3E5D55}.Debug|x64.Build.0 = Debug|Any CPU
		{F89E8FEB-4EB3-41B7-9DE5-38ED8D3E5D55}.Debug|x86.ActiveCfg = Debug|Any CPU
		{F89E8FEB-4EB3-41B7-9DE5-38ED8D3E5D55}.Debug|x86.Build.0 = Debug|Any CPU
		{F89E8FEB-4EB3-41B7-9DE5-38ED8D3E5D55}.Release|Any CPU.ActiveCfg = Release|Any CPU
		{F89E8FEB-4EB3-41B7-9DE5-38ED8D3E5D55}.Release|Any CPU.Build.0 = Release|Any CPU
		{F89E8FEB-4EB3-41B7-9DE5-38ED8D3E5D55}.Release|x64.ActiveCfg = Release|Any CPU
		{F89E8FEB-4EB3-41B7-9DE5-38ED8D3E5D55}.Release|x64.Build.0 = Release|Any CPU
		{F89E8FEB-4EB3-41B7-9DE5-38ED8D3E5D55}.Release|x86.ActiveCfg = Release|Any CPU
		{F89E8FEB-4EB3-41B7-9DE5-38ED8D3E5D55}.Release|x86.Build.0 = Release|Any CPU
		{A76ADD1F-BA1B-4673-8644-DE61B9F563D5}.Debug|Any CPU.ActiveCfg = Debug|Any CPU
		{A76ADD1F-BA1B-4673-8644-DE61B9F563D5}.Debug|Any CPU.Build.0 = Debug|Any CPU
		{A76ADD1F-BA1B-4673-8644-DE61B9F563D5}.Debug|x64.ActiveCfg = Debug|Any CPU
		{A76ADD1F-BA1B-4673-8644-DE61B9F563D5}.Debug|x64.Build.0 = Debug|Any CPU
		{A76ADD1F-BA1B-4673-8644-DE61B9F563D5}.Debug|x86.ActiveCfg = Debug|Any CPU
		{A76ADD1F-BA1B-4673-8644-DE61B9F563D5}.Debug|x86.Build.0 = Debug|Any CPU
		{A76ADD1F-BA1B-4673-8644-DE61B9F563D5}.Release|Any CPU.ActiveCfg = Release|Any CPU
		{A76ADD1F-BA1B-4673-8644-DE61B9F563D5}.Release|Any CPU.Build.0 = Release|Any CPU
		{A76ADD1F-BA1B-4673-8644-DE61B9F563D5}.Release|x64.ActiveCfg = Release|Any CPU
		{A76ADD1F-BA1B-4673-8644-DE61B9F563D5}.Release|x64.Build.0 = Release|Any CPU
		{A76ADD1F-BA1B-4673-8644-DE61B9F563D5}.Release|x86.ActiveCfg = Release|Any CPU
		{A76ADD1F-BA1B-4673-8644-DE61B9F563D5}.Release|x86.Build.0 = Release|Any CPU
		{E3DC050E-DE0A-4FD2-A782-5AD9E6CE854A}.Debug|Any CPU.ActiveCfg = Debug|Any CPU
		{E3DC050E-DE0A-4FD2-A782-5AD9E6CE854A}.Debug|Any CPU.Build.0 = Debug|Any CPU
		{E3DC050E-DE0A-4FD2-A782-5AD9E6CE854A}.Debug|x64.ActiveCfg = Debug|Any CPU
		{E3DC050E-DE0A-4FD2-A782-5AD9E6CE854A}.Debug|x64.Build.0 = Debug|Any CPU
		{E3DC050E-DE0A-4FD2-A782-5AD9E6CE854A}.Debug|x86.ActiveCfg = Debug|Any CPU
		{E3DC050E-DE0A-4FD2-A782-5AD9E6CE854A}.Debug|x86.Build.0 = Debug|Any CPU
		{E3DC050E-DE0A-4FD2-A782-5AD9E6CE854A}.Release|Any CPU.ActiveCfg = Release|Any CPU
		{E3DC050E-DE0A-4FD2-A782-5AD9E6CE854A}.Release|Any CPU.Build.0 = Release|Any CPU
		{E3DC050E-DE0A-4FD2-A782-5AD9E6CE854A}.Release|x64.ActiveCfg = Release|Any CPU
		{E3DC050E-DE0A-4FD2-A782-5AD9E6CE854A}.Release|x64.Build.0 = Release|Any CPU
		{E3DC050E-DE0A-4FD2-A782-5AD9E6CE854A}.Release|x86.ActiveCfg = Release|Any CPU
		{E3DC050E-DE0A-4FD2-A782-5AD9E6CE854A}.Release|x86.Build.0 = Release|Any CPU
		{F6FF876F-5A06-4FD7-9152-4B7AEE0138D9}.Debug|Any CPU.ActiveCfg = Debug|Any CPU
		{F6FF876F-5A06-4FD7-9152-4B7AEE0138D9}.Debug|Any CPU.Build.0 = Debug|Any CPU
		{F6FF876F-5A06-4FD7-9152-4B7AEE0138D9}.Debug|x64.ActiveCfg = Debug|Any CPU
		{F6FF876F-5A06-4FD7-9152-4B7AEE0138D9}.Debug|x64.Build.0 = Debug|Any CPU
		{F6FF876F-5A06-4FD7-9152-4B7AEE0138D9}.Debug|x86.ActiveCfg = Debug|Any CPU
		{F6FF876F-5A06-4FD7-9152-4B7AEE0138D9}.Debug|x86.Build.0 = Debug|Any CPU
		{F6FF876F-5A06-4FD7-9152-4B7AEE0138D9}.Release|Any CPU.ActiveCfg = Release|Any CPU
		{F6FF876F-5A06-4FD7-9152-4B7AEE0138D9}.Release|Any CPU.Build.0 = Release|Any CPU
		{F6FF876F-5A06-4FD7-9152-4B7AEE0138D9}.Release|x64.ActiveCfg = Release|Any CPU
		{F6FF876F-5A06-4FD7-9152-4B7AEE0138D9}.Release|x64.Build.0 = Release|Any CPU
		{F6FF876F-5A06-4FD7-9152-4B7AEE0138D9}.Release|x86.ActiveCfg = Release|Any CPU
		{F6FF876F-5A06-4FD7-9152-4B7AEE0138D9}.Release|x86.Build.0 = Release|Any CPU
		{7B20517C-9BCE-437F-9304-B7BEADA8DF02}.Debug|Any CPU.ActiveCfg = Debug|Any CPU
		{7B20517C-9BCE-437F-9304-B7BEADA8DF02}.Debug|Any CPU.Build.0 = Debug|Any CPU
		{7B20517C-9BCE-437F-9304-B7BEADA8DF02}.Debug|x64.ActiveCfg = Debug|Any CPU
		{7B20517C-9BCE-437F-9304-B7BEADA8DF02}.Debug|x64.Build.0 = Debug|Any CPU
		{7B20517C-9BCE-437F-9304-B7BEADA8DF02}.Debug|x86.ActiveCfg = Debug|Any CPU
		{7B20517C-9BCE-437F-9304-B7BEADA8DF02}.Debug|x86.Build.0 = Debug|Any CPU
		{7B20517C-9BCE-437F-9304-B7BEADA8DF02}.Release|Any CPU.ActiveCfg = Release|Any CPU
		{7B20517C-9BCE-437F-9304-B7BEADA8DF02}.Release|Any CPU.Build.0 = Release|Any CPU
		{7B20517C-9BCE-437F-9304-B7BEADA8DF02}.Release|x64.ActiveCfg = Release|Any CPU
		{7B20517C-9BCE-437F-9304-B7BEADA8DF02}.Release|x64.Build.0 = Release|Any CPU
		{7B20517C-9BCE-437F-9304-B7BEADA8DF02}.Release|x86.ActiveCfg = Release|Any CPU
		{7B20517C-9BCE-437F-9304-B7BEADA8DF02}.Release|x86.Build.0 = Release|Any CPU
		{FACD7D61-6DCD-4ED2-8827-ACE2CDBFEFD0}.Debug|Any CPU.ActiveCfg = Debug|Any CPU
		{FACD7D61-6DCD-4ED2-8827-ACE2CDBFEFD0}.Debug|Any CPU.Build.0 = Debug|Any CPU
		{FACD7D61-6DCD-4ED2-8827-ACE2CDBFEFD0}.Debug|x64.ActiveCfg = Debug|Any CPU
		{FACD7D61-6DCD-4ED2-8827-ACE2CDBFEFD0}.Debug|x64.Build.0 = Debug|Any CPU
		{FACD7D61-6DCD-4ED2-8827-ACE2CDBFEFD0}.Debug|x86.ActiveCfg = Debug|Any CPU
		{FACD7D61-6DCD-4ED2-8827-ACE2CDBFEFD0}.Debug|x86.Build.0 = Debug|Any CPU
		{FACD7D61-6DCD-4ED2-8827-ACE2CDBFEFD0}.Release|Any CPU.ActiveCfg = Release|Any CPU
		{FACD7D61-6DCD-4ED2-8827-ACE2CDBFEFD0}.Release|Any CPU.Build.0 = Release|Any CPU
		{FACD7D61-6DCD-4ED2-8827-ACE2CDBFEFD0}.Release|x64.ActiveCfg = Release|Any CPU
		{FACD7D61-6DCD-4ED2-8827-ACE2CDBFEFD0}.Release|x64.Build.0 = Release|Any CPU
		{FACD7D61-6DCD-4ED2-8827-ACE2CDBFEFD0}.Release|x86.ActiveCfg = Release|Any CPU
		{FACD7D61-6DCD-4ED2-8827-ACE2CDBFEFD0}.Release|x86.Build.0 = Release|Any CPU
	EndGlobalSection
	GlobalSection(SolutionProperties) = preSolution
		HideSolutionNode = FALSE
	EndGlobalSection
	GlobalSection(NestedProjects) = preSolution
		{5EE9968E-D101-45D2-85EB-6FC19DAB7740} = {827E0CD3-B72D-47B6-A68D-7590B98EB39B}
		{F89E8FEB-4EB3-41B7-9DE5-38ED8D3E5D55} = {827E0CD3-B72D-47B6-A68D-7590B98EB39B}
		{A76ADD1F-BA1B-4673-8644-DE61B9F563D5} = {827E0CD3-B72D-47B6-A68D-7590B98EB39B}
		{E3DC050E-DE0A-4FD2-A782-5AD9E6CE854A} = {827E0CD3-B72D-47B6-A68D-7590B98EB39B}
		{F6FF876F-5A06-4FD7-9152-4B7AEE0138D9} = {827E0CD3-B72D-47B6-A68D-7590B98EB39B}
		{7B20517C-9BCE-437F-9304-B7BEADA8DF02} = {0AB3BF05-4346-4AA6-1389-037BE0695223}
		{FACD7D61-6DCD-4ED2-8827-ACE2CDBFEFD0} = {0AB3BF05-4346-4AA6-1389-037BE0695223}
	EndGlobalSection
EndGlobal
